<?xml version="1.0" encoding="utf-8"?>
<Project ToolsVersion="4.0" xmlns="http://schemas.microsoft.com/developer/msbuild/2003">
  <ItemGroup>
    <Filter Include="Header Files">
      <UniqueIdentifier>{93995380-89BD-4b04-88EB-625FBE52EBFB}</UniqueIdentifier>
      <Extensions>h;hpp;hxx;hm;inl;inc;xsd</Extensions>
    </Filter>
    <Filter Include="Resource Files">
      <UniqueIdentifier>{67DA6AB6-F800-4c08-8B7A-83BB121AAD01}</UniqueIdentifier>
      <Extensions>rc;ico;cur;bmp;dlg;rc2;rct;bin;rgs;gif;jpg;jpeg;jpe;resx;tiff;tif;png;wav;mfcribbon-ms</Extensions>
    </Filter>
    <Filter Include="Header Files\Framework">
      <UniqueIdentifier>{07667b27-3d02-4514-a465-3fd8b26758ff}</UniqueIdentifier>
    </Filter>
    <Filter Include="Source Files">
      <UniqueIdentifier>{4FC737F1-C7A5-4376-A066-2A32D752A2FF}</UniqueIdentifier>
      <Extensions>cpp;c;cc;cxx;def;odl;idl;hpj;bat;asm;asmx</Extensions>
    </Filter>
    <Filter Include="Source Files\Framework">
      <UniqueIdentifier>{37c19c94-9502-4b2b-b3f1-70fa908b49af}</UniqueIdentifier>
    </Filter>
  </ItemGroup>
  <ItemGroup>
    <ClCompile Include="main.cpp">
      <Filter>Source Files</Filter>
    </ClCompile>
    <ClCompile Include="Framework\console.cpp">
      <Filter>Source Files\Framework</Filter>
    </ClCompile>
    <ClCompile Include="Framework\timer.cpp">
      <Filter>Source Files\Framework</Filter>
    </ClCompile>
    <ClCompile Include="game.cpp">
      <Filter>Source Files</Filter>
    </ClCompile>
    <ClCompile Include="player.cpp">
      <Filter>Source Files</Filter>
    </ClCompile>
    <ClCompile Include="map.cpp">
      <Filter>Source Files</Filter>
    </ClCompile>
    <ClCompile Include="quiz.cpp">
      <Filter>Source Files</Filter>
    </ClCompile>
    <ClCompile Include="boulders.cpp">
      <Filter>Source Files</Filter>
    </ClCompile>
    <ClCompile Include="trigger.cpp">
      <Filter>Source Files</Filter>
    </ClCompile>
    <ClCompile Include="enemies.cpp">
      <Filter>Source Files</Filter>
    </ClCompile>
    <ClCompile Include="COORDS.cpp">
      <Filter>Source Files</Filter>
    </ClCompile>
    <ClCompile Include="aStar.cpp">
      <Filter>Source Files</Filter>
    </ClCompile>
  </ItemGroup>
  <ItemGroup>
    <ClInclude Include="Framework\console.h">
      <Filter>Header Files\Framework</Filter>
    </ClInclude>
    <ClInclude Include="Framework\timer.h">
      <Filter>Header Files\Framework</Filter>
    </ClInclude>
    <ClInclude Include="game.h">
      <Filter>Header Files</Filter>
    </ClInclude>
    <ClInclude Include="player.h">
      <Filter>Header Files</Filter>
    </ClInclude>
    <ClInclude Include="map.h">
      <Filter>Header Files</Filter>
    </ClInclude>
    <ClInclude Include="organism.h">
      <Filter>Header Files</Filter>
    </ClInclude>
    <ClInclude Include="quiz.h">
      <Filter>Header Files</Filter>
    </ClInclude>
    <ClInclude Include="trigger.h">
      <Filter>Header Files</Filter>
    </ClInclude>
    <ClInclude Include="boulders.h">
      <Filter>Header Files</Filter>
    </ClInclude>
    <ClInclude Include="enemies.h">
      <Filter>Header Files</Filter>
    </ClInclude>
    <ClInclude Include="COORDS.h">
      <Filter>Header Files</Filter>
    </ClInclude>
    <ClInclude Include="aStar.h">
      <Filter>Header Files</Filter>
    </ClInclude>
  </ItemGroup>
  <ItemGroup>
    <Text Include="Quiz\Questions.txt">
      <Filter>Resource Files</Filter>
    </Text>
    <Text Include="Levels\0.txt">
      <Filter>Resource Files</Filter>
    </Text>
    <Text Include="Levels\1.txt">
      <Filter>Resource Files</Filter>
    </Text>
    <Text Include="Levels\2.txt">
      <Filter>Resource Files</Filter>
    </Text>
    <Text Include="Quiz\Answers.txt">
      <Filter>Resource Files</Filter>
    </Text>
    <Text Include="Levels\BOSS1.txt">
      <Filter>Resource Files</Filter>
    </Text>
  </ItemGroup>
</Project>